
Microsoft Visual Studio Solution File, Format Version 12.00
# Visual Studio Version 17
VisualStudioVersion = 17.0.31919.166
MinimumVisualStudioVersion = 10.0.40219.1
Project("{2150E333-8FDC-42A3-9474-1A3956D46DE8}") = "Common", "Common", "{6D6495EB-3B07-4424-A0A8-9326DC8A7B90}"
EndProject
Project("{2150E333-8FDC-42A3-9474-1A3956D46DE8}") = "Data", "Data", "{10FA7DC9-7468-412C-9735-90BB2D7887CD}"
EndProject
Project("{2150E333-8FDC-42A3-9474-1A3956D46DE8}") = "Service", "Service", "{72AE9634-8DDE-4710-BD72-543EDE97BD69}"
EndProject
Project("{2150E333-8FDC-42A3-9474-1A3956D46DE8}") = "UI", "UI", "{E0CF7DCA-1878-4851-ACEA-18F4FA7A9333}"
EndProject
Project("{FAE04EC0-301F-11D3-BF4B-00C04F79EFBC}") = "Blog.Core", "Blog.Core\Blog.Core.csproj", "{C71EF5CC-BD44-47F1-BB1B-7725D0CE3040}"
EndProject
Project("{FAE04EC0-301F-11D3-BF4B-00C04F79EFBC}") = "Blog.Data", "Blog.Data\Blog.Data.csproj", "{4291BA8A-439F-42FA-BEAD-D6203158D128}"
EndProject
Project("{FAE04EC0-301F-11D3-BF4B-00C04F79EFBC}") = "Blog.Service", "Blog.Service\Blog.Service.csproj", "{E8BC7772-EDA4-40D5-8267-9B2EA22E8FC0}"
EndProject
Project("{FAE04EC0-301F-11D3-BF4B-00C04F79EFBC}") = "Blog.Web", "Blog.Web\Blog.Web.csproj", "{DC4A9C4F-B6A7-47E0-80B2-D1A688F8D8FC}"
EndProject
Global
	GlobalSection(SolutionConfigurationPlatforms) = preSolution
		Debug|Any CPU = Debug|Any CPU
		Release|Any CPU = Release|Any CPU
	EndGlobalSection
	GlobalSection(ProjectConfigurationPlatforms) = postSolution
		{C71EF5CC-BD44-47F1-BB1B-7725D0CE3040}.Debug|Any CPU.ActiveCfg = Debug|Any CPU
		{C71EF5CC-BD44-47F1-BB1B-7725D0CE3040}.Debug|Any CPU.Build.0 = Debug|Any CPU
		{C71EF5CC-BD44-47F1-BB1B-7725D0CE3040}.Release|Any CPU.ActiveCfg = Release|Any CPU
		{C71EF5CC-BD44-47F1-BB1B-7725D0CE3040}.Release|Any CPU.Build.0 = Release|Any CPU
		{4291BA8A-439F-42FA-BEAD-D6203158D128}.Debug|Any CPU.ActiveCfg = Debug|Any CPU
		{4291BA8A-439F-42FA-BEAD-D6203158D128}.Debug|Any CPU.Build.0 = Debug|Any CPU
		{4291BA8A-439F-42FA-BEAD-D6203158D128}.Release|Any CPU.ActiveCfg = Release|Any CPU
		{4291BA8A-439F-42FA-BEAD-D6203158D128}.Release|Any CPU.Build.0 = Release|Any CPU
		{E8BC7772-EDA4-40D5-8267-9B2EA22E8FC0}.Debug|Any CPU.ActiveCfg = Debug|Any CPU
		{E8BC7772-EDA4-40D5-8267-9B2EA22E8FC0}.Debug|Any CPU.Build.0 = Debug|Any CPU
		{E8BC7772-EDA4-40D5-8267-9B2EA22E8FC0}.Release|Any CPU.ActiveCfg = Release|Any CPU
		{E8BC7772-EDA4-40D5-8267-9B2EA22E8FC0}.Release|Any CPU.Build.0 = Release|Any CPU
		{DC4A9C4F-B6A7-47E0-80B2-D1A688F8D8FC}.Debug|Any CPU.ActiveCfg = Debug|Any CPU
		{DC4A9C4F-B6A7-47E0-80B2-D1A688F8D8FC}.Debug|Any CPU.Build.0 = Debug|Any CPU
		{DC4A9C4F-B6A7-47E0-80B2-D1A688F8D8FC}.Release|Any CPU.ActiveCfg = Release|Any CPU
		{DC4A9C4F-B6A7-47E0-80B2-D1A688F8D8FC}.Release|Any CPU.Build.0 = Release|Any CPU
	EndGlobalSection
	GlobalSection(SolutionProperties) = preSolution
		HideSolutionNode = FALSE
	EndGlobalSection
	GlobalSection(NestedProjects) = preSolution
		{C71EF5CC-BD44-47F1-BB1B-7725D0CE3040} = {6D6495EB-3B07-4424-A0A8-9326DC8A7B90}
		{4291BA8A-439F-42FA-BEAD-D6203158D128} = {10FA7DC9-7468-412C-9735-90BB2D7887CD}
		{E8BC7772-EDA4-40D5-8267-9B2EA22E8FC0} = {72AE9634-8DDE-4710-BD72-543EDE97BD69}
		{DC4A9C4F-B6A7-47E0-80B2-D1A688F8D8FC} = {E0CF7DCA-1878-4851-ACEA-18F4FA7A9333}
	EndGlobalSection
	GlobalSection(ExtensibilityGlobals) = postSolution
		SolutionGuid = {569B5B70-9E35-4990-AAC7-B9707DA762EA}
	EndGlobalSection
EndGlobal
